
Microsoft Visual Studio Solution File, Format Version 12.00
# Visual Studio 15
VisualStudioVersion = 15.0.28307.489
MinimumVisualStudioVersion = 10.0.40219.1
Project("{FAE04EC0-301F-11D3-BF4B-00C04F79EFBC}") = "EXDESCISAO2", "EXDESCISAO2\EXDESCISAO2.csproj", "{6C0AD5C4-3900-4D2E-82BD-E96D54D979B3}"
EndProject
Global
	GlobalSection(SolutionConfigurationPlatforms) = preSolution
		Debug|Any CPU = Debug|Any CPU
		Release|Any CPU = Release|Any CPU
	EndGlobalSection
	GlobalSection(ProjectConfigurationPlatforms) = postSolution
		{6C0AD5C4-3900-4D2E-82BD-E96D54D979B3}.Debug|Any CPU.ActiveCfg = Debug|Any CPU
		{6C0AD5C4-3900-4D2E-82BD-E96D54D979B3}.Debug|Any CPU.Build.0 = Debug|Any CPU
		{6C0AD5C4-3900-4D2E-82BD-E96D54D979B3}.Release|Any CPU.ActiveCfg = Release|Any CPU
		{6C0AD5C4-3900-4D2E-82BD-E96D54D979B3}.Release|Any CPU.Build.0 = Release|Any CPU
	EndGlobalSection
	GlobalSection(SolutionProperties) = preSolution
		HideSolutionNode = FALSE
	EndGlobalSection
	GlobalSection(ExtensibilityGlobals) = postSolution
		SolutionGuid = {0E51B52D-28D9-4ACC-B421-8E43C7A17FBA}
	EndGlobalSection
EndGlobal
