
Microsoft Visual Studio Solution File, Format Version 12.00
# Visual Studio 15
VisualStudioVersion = 15.0.27703.2035
MinimumVisualStudioVersion = 10.0.40219.1
Project("{FAE04EC0-301F-11D3-BF4B-00C04F79EFBC}") = "EXDECISAO1", "EXDECISAO1\EXDECISAO1.csproj", "{4A424A05-3E26-4BF5-BD55-245D701C233A}"
EndProject
Global
	GlobalSection(SolutionConfigurationPlatforms) = preSolution
		Debug|Any CPU = Debug|Any CPU
		Release|Any CPU = Release|Any CPU
	EndGlobalSection
	GlobalSection(ProjectConfigurationPlatforms) = postSolution
		{4A424A05-3E26-4BF5-BD55-245D701C233A}.Debug|Any CPU.ActiveCfg = Debug|Any CPU
		{4A424A05-3E26-4BF5-BD55-245D701C233A}.Debug|Any CPU.Build.0 = Debug|Any CPU
		{4A424A05-3E26-4BF5-BD55-245D701C233A}.Release|Any CPU.ActiveCfg = Release|Any CPU
		{4A424A05-3E26-4BF5-BD55-245D701C233A}.Release|Any CPU.Build.0 = Release|Any CPU
	EndGlobalSection
	GlobalSection(SolutionProperties) = preSolution
		HideSolutionNode = FALSE
	EndGlobalSection
	GlobalSection(ExtensibilityGlobals) = postSolution
		SolutionGuid = {73431308-7630-4B2D-992B-45E709D0BCA3}
	EndGlobalSection
EndGlobal
