
Microsoft Visual Studio Solution File, Format Version 12.00
# Visual Studio 15
VisualStudioVersion = 15.0.27703.2035
MinimumVisualStudioVersion = 10.0.40219.1
Project("{FAE04EC0-301F-11D3-BF4B-00C04F79EFBC}") = "Ex11", "Ex11\Ex11.csproj", "{9FB2EA67-DF87-45DA-9D3C-06CDD7EF6DF8}"
EndProject
Global
	GlobalSection(SolutionConfigurationPlatforms) = preSolution
		Debug|Any CPU = Debug|Any CPU
		Release|Any CPU = Release|Any CPU
	EndGlobalSection
	GlobalSection(ProjectConfigurationPlatforms) = postSolution
		{9FB2EA67-DF87-45DA-9D3C-06CDD7EF6DF8}.Debug|Any CPU.ActiveCfg = Debug|Any CPU
		{9FB2EA67-DF87-45DA-9D3C-06CDD7EF6DF8}.Debug|Any CPU.Build.0 = Debug|Any CPU
		{9FB2EA67-DF87-45DA-9D3C-06CDD7EF6DF8}.Release|Any CPU.ActiveCfg = Release|Any CPU
		{9FB2EA67-DF87-45DA-9D3C-06CDD7EF6DF8}.Release|Any CPU.Build.0 = Release|Any CPU
	EndGlobalSection
	GlobalSection(SolutionProperties) = preSolution
		HideSolutionNode = FALSE
	EndGlobalSection
	GlobalSection(ExtensibilityGlobals) = postSolution
		SolutionGuid = {E3EED00B-77E6-45BA-AD74-9143CC7D04E6}
	EndGlobalSection
EndGlobal
